
Microsoft Visual Studio Solution File, Format Version 12.00
# Visual Studio 15
VisualStudioVersion = 15.0.27130.2027
MinimumVisualStudioVersion = 10.0.40219.1
Project("{FAE04EC0-301F-11D3-BF4B-00C04F79EFBC}") = "Poker", "Poker\Poker.csproj", "{B05158D2-C5C8-484D-90F4-E5A506F21F9A}"
EndProject
Global
	GlobalSection(SolutionConfigurationPlatforms) = preSolution
		Debug|Any CPU = Debug|Any CPU
		Release|Any CPU = Release|Any CPU
	EndGlobalSection
	GlobalSection(ProjectConfigurationPlatforms) = postSolution
		{B05158D2-C5C8-484D-90F4-E5A506F21F9A}.Debug|Any CPU.ActiveCfg = Debug|Any CPU
		{B05158D2-C5C8-484D-90F4-E5A506F21F9A}.Debug|Any CPU.Build.0 = Debug|Any CPU
		{B05158D2-C5C8-484D-90F4-E5A506F21F9A}.Debug|Any CPU.Deploy.0 = Debug|Any CPU
		{B05158D2-C5C8-484D-90F4-E5A506F21F9A}.Release|Any CPU.ActiveCfg = Release|Any CPU
		{B05158D2-C5C8-484D-90F4-E5A506F21F9A}.Release|Any CPU.Build.0 = Release|Any CPU
		{B05158D2-C5C8-484D-90F4-E5A506F21F9A}.Release|Any CPU.Deploy.0 = Release|Any CPU
	EndGlobalSection
	GlobalSection(SolutionProperties) = preSolution
		HideSolutionNode = FALSE
	EndGlobalSection
	GlobalSection(ExtensibilityGlobals) = postSolution
		SolutionGuid = {2D77E587-C11F-49ED-AF94-54EF9B7123F8}
	EndGlobalSection
EndGlobal
